
Microsoft Visual Studio Solution File, Format Version 12.00
# Visual Studio Version 17
VisualStudioVersion = 17.1.32228.430
MinimumVisualStudioVersion = 10.0.40219.1
Project("{FAE04EC0-301F-11D3-BF4B-00C04F79EFBC}") = "A_Word", "A_Word\A_Word.csproj", "{573626DD-65A1-4B4D-B084-2A655E3536FE}"
EndProject
Global
	GlobalSection(SolutionConfigurationPlatforms) = preSolution
		Debug|Any CPU = Debug|Any CPU
		Release|Any CPU = Release|Any CPU
	EndGlobalSection
	GlobalSection(ProjectConfigurationPlatforms) = postSolution
		{573626DD-65A1-4B4D-B084-2A655E3536FE}.Debug|Any CPU.ActiveCfg = Debug|Any CPU
		{573626DD-65A1-4B4D-B084-2A655E3536FE}.Debug|Any CPU.Build.0 = Debug|Any CPU
		{573626DD-65A1-4B4D-B084-2A655E3536FE}.Release|Any CPU.ActiveCfg = Release|Any CPU
		{573626DD-65A1-4B4D-B084-2A655E3536FE}.Release|Any CPU.Build.0 = Release|Any CPU
	EndGlobalSection
	GlobalSection(SolutionProperties) = preSolution
		HideSolutionNode = FALSE
	EndGlobalSection
	GlobalSection(ExtensibilityGlobals) = postSolution
		SolutionGuid = {507F22DB-FCA9-44EE-9A7E-31119013C0BA}
	EndGlobalSection
EndGlobal
